// !$*UTF8*$!
{
	archiveVersion = 1;
	classes = {
	};
	objectVersion = 55;
	objects = {

/* Begin PBXBuildFile section */
		A50C727A2783ED4800DE6C3C /* Q2739.swift in Sources */ = {isa = PBXBuildFile; fileRef = A50C72792783ED4800DE6C3C /* Q2739.swift */; };
		A50C727C2784356600DE6C3C /* Q10953.swift in Sources */ = {isa = PBXBuildFile; fileRef = A50C727B2784356600DE6C3C /* Q10953.swift */; };
		A50C727E278439CD00DE6C3C /* Q2743.swift in Sources */ = {isa = PBXBuildFile; fileRef = A50C727D278439CD00DE6C3C /* Q2743.swift */; };
		A50C728027843B2000DE6C3C /* Q1100.swift in Sources */ = {isa = PBXBuildFile; fileRef = A50C727F27843B2000DE6C3C /* Q1100.swift */; };
		A50C72822784748E00DE6C3C /* Q1076.swift in Sources */ = {isa = PBXBuildFile; fileRef = A50C72812784748E00DE6C3C /* Q1076.swift */; };
		A50C728427851B7300DE6C3C /* Q2721.swift in Sources */ = {isa = PBXBuildFile; fileRef = A50C728327851B7300DE6C3C /* Q2721.swift */; };
		A50C781D2775B5D800BD4F8F /* main.swift in Sources */ = {isa = PBXBuildFile; fileRef = A50C781C2775B5D800BD4F8F /* main.swift */; };
		A50C78242775B5E700BD4F8F /* Q2845_yet.swift in Sources */ = {isa = PBXBuildFile; fileRef = A50C78232775B5E700BD4F8F /* Q2845_yet.swift */; };
		A50C78282775DA0E00BD4F8F /* Q11382.swift in Sources */ = {isa = PBXBuildFile; fileRef = A50C78272775DA0E00BD4F8F /* Q11382.swift */; };
		A514A870277EFB670001F68E /* Q10926.swift in Sources */ = {isa = PBXBuildFile; fileRef = A514A86F277EFB670001F68E /* Q10926.swift */; };
		A514A872277EFFDD0001F68E /* Q4134_runTimeError.swift in Sources */ = {isa = PBXBuildFile; fileRef = A514A871277EFFDD0001F68E /* Q4134_runTimeError.swift */; };
		A514A874277F0FAC0001F68E /* Q4134_backup.swift in Sources */ = {isa = PBXBuildFile; fileRef = A514A873277F0FAC0001F68E /* Q4134_backup.swift */; };
		A520457A2776373600CD6A29 /* Q10039.swift in Sources */ = {isa = PBXBuildFile; fileRef = A52045792776373600CD6A29 /* Q10039.swift */; };
		A523DA7A278668B3001B3EBE /* Q2446.swift in Sources */ = {isa = PBXBuildFile; fileRef = A523DA79278668B3001B3EBE /* Q2446.swift */; };
		A523DA7C2787B260001B3EBE /* Q15894_memoryOver.swift in Sources */ = {isa = PBXBuildFile; fileRef = A523DA7B2787B260001B3EBE /* Q15894_memoryOver.swift */; };
		A523DA7E2787B49D001B3EBE /* Q15894_1.swift in Sources */ = {isa = PBXBuildFile; fileRef = A523DA7D2787B49D001B3EBE /* Q15894_1.swift */; };
		A52D41FC278A70DF00E852D6 /* Q2292.swift in Sources */ = {isa = PBXBuildFile; fileRef = A52D41FB278A70DF00E852D6 /* Q2292.swift */; };
		A52D41FE278A850500E852D6 /* Q11728_timeOver_quickSort.swift in Sources */ = {isa = PBXBuildFile; fileRef = A52D41FD278A850500E852D6 /* Q11728_timeOver_quickSort.swift */; };
		A52D4200278A8F8100E852D6 /* Q2959.swift in Sources */ = {isa = PBXBuildFile; fileRef = A52D41FF278A8F8100E852D6 /* Q2959.swift */; };
		A52D4202278ADFBF00E852D6 /* FastInput.swift in Sources */ = {isa = PBXBuildFile; fileRef = A52D4201278ADFBF00E852D6 /* FastInput.swift */; };
		A52D4204278AE4E600E852D6 /* Q1292_runTime_javaPass.swift in Sources */ = {isa = PBXBuildFile; fileRef = A52D4203278AE4E600E852D6 /* Q1292_runTime_javaPass.swift */; };
		A53FFA13278B1BD3007F687B /* Q1269.swift in Sources */ = {isa = PBXBuildFile; fileRef = A53FFA12278B1BD3007F687B /* Q1269.swift */; };
		A53FFA15278B21B5007F687B /* Q1822_timdOver_quickSort.swift in Sources */ = {isa = PBXBuildFile; fileRef = A53FFA14278B21B5007F687B /* Q1822_timdOver_quickSort.swift */; };
		A53FFA17278BF273007F687B /* Q10989.swift in Sources */ = {isa = PBXBuildFile; fileRef = A53FFA16278BF273007F687B /* Q10989.swift */; };
		A53FFA19278BF830007F687B /* QuickSort.swift in Sources */ = {isa = PBXBuildFile; fileRef = A53FFA18278BF830007F687B /* QuickSort.swift */; };
		A553DD772780905D00079A30 /* Q1157.swift in Sources */ = {isa = PBXBuildFile; fileRef = A553DD762780905D00079A30 /* Q1157.swift */; };
		A553DD7927812F8700079A30 /* Q11022.swift in Sources */ = {isa = PBXBuildFile; fileRef = A553DD7827812F8700079A30 /* Q11022.swift */; };
		A553DD7B2781465600079A30 /* Q1065.swift in Sources */ = {isa = PBXBuildFile; fileRef = A553DD7A2781465600079A30 /* Q1065.swift */; };
		A566BB38277AFA5A00C53F95 /* Q9498.swift in Sources */ = {isa = PBXBuildFile; fileRef = A566BB37277AFA5A00C53F95 /* Q9498.swift */; };
		A566BB3A277AFF4500C53F95 /* Q8958.swift in Sources */ = {isa = PBXBuildFile; fileRef = A566BB39277AFF4500C53F95 /* Q8958.swift */; };
		A57E3838278D09B200FDBB72 /* Eratosthenes_yet.swift in Sources */ = {isa = PBXBuildFile; fileRef = A57E3837278D09B200FDBB72 /* Eratosthenes_yet.swift */; };
		A5909B5B2785AF92001C9B3C /* Q5532.swift in Sources */ = {isa = PBXBuildFile; fileRef = A5909B5A2785AF92001C9B3C /* Q5532.swift */; };
		A5960068278007100056CB74 /* Q2480_yet.swift in Sources */ = {isa = PBXBuildFile; fileRef = A5960067278007100056CB74 /* Q2480_yet.swift */; };
		A596006A27800BCB0056CB74 /* Q11943.swift in Sources */ = {isa = PBXBuildFile; fileRef = A596006927800BCB0056CB74 /* Q11943.swift */; };
		A596006C27802FE90056CB74 /* Q4344.swift in Sources */ = {isa = PBXBuildFile; fileRef = A596006B27802FE90056CB74 /* Q4344.swift */; };
		A596006E27804D9D0056CB74 /* Q12873.swift in Sources */ = {isa = PBXBuildFile; fileRef = A596006D27804D9D0056CB74 /* Q12873.swift */; };
		A596007027807A200056CB74 /* Q11866.swift in Sources */ = {isa = PBXBuildFile; fileRef = A596006F27807A200056CB74 /* Q11866.swift */; };
		A59A83D5278C20F8007D7379 /* Q10828_temp.swift in Sources */ = {isa = PBXBuildFile; fileRef = A59A83D4278C20F8007D7379 /* Q10828_temp.swift */; };
		A59A83D7278C234A007D7379 /* isPrime.swift in Sources */ = {isa = PBXBuildFile; fileRef = A59A83D6278C234A007D7379 /* isPrime.swift */; };
		A59A83D9278C2A74007D7379 /* Q11653.swift in Sources */ = {isa = PBXBuildFile; fileRef = A59A83D8278C2A74007D7379 /* Q11653.swift */; };
		A5B22B83278924550041DC69 /* Q1929_timeOver.swift in Sources */ = {isa = PBXBuildFile; fileRef = A5B22B82278924550041DC69 /* Q1929_timeOver.swift */; };
		A5B22B8527892F5A0041DC69 /* Q1929_runTime98.swift in Sources */ = {isa = PBXBuildFile; fileRef = A5B22B8427892F5A0041DC69 /* Q1929_runTime98.swift */; };
		A5B22B872789444D0041DC69 /* Q10817.swift in Sources */ = {isa = PBXBuildFile; fileRef = A5B22B862789444D0041DC69 /* Q10817.swift */; };
		A5B63F9E2779837900FE773B /* Q2557.swift in Sources */ = {isa = PBXBuildFile; fileRef = A5B63F9D2779837900FE773B /* Q2557.swift */; };
		A5B63FA0277984C100FE773B /* Q2438.swift in Sources */ = {isa = PBXBuildFile; fileRef = A5B63F9F277984C100FE773B /* Q2438.swift */; };
		A5DE11932781E1CA00CF1DBF /* Q2440.swift in Sources */ = {isa = PBXBuildFile; fileRef = A5DE11922781E1CA00CF1DBF /* Q2440.swift */; };
		A5DE11952781E57200CF1DBF /* Q2441.swift in Sources */ = {isa = PBXBuildFile; fileRef = A5DE11942781E57200CF1DBF /* Q2441.swift */; };
		A5DE11972781F8FE00CF1DBF /* Q2442.swift in Sources */ = {isa = PBXBuildFile; fileRef = A5DE11962781F8FE00CF1DBF /* Q2442.swift */; };
		A5DE1199278276FA00CF1DBF /* Q11050.swift in Sources */ = {isa = PBXBuildFile; fileRef = A5DE1198278276FA00CF1DBF /* Q11050.swift */; };
		A5DE119C27828A3D00CF1DBF /* Combination.swift in Sources */ = {isa = PBXBuildFile; fileRef = A5DE119B27828A3D00CF1DBF /* Combination.swift */; };
		A5DE119E278293EC00CF1DBF /* Q1010.swift in Sources */ = {isa = PBXBuildFile; fileRef = A5DE119D278293EC00CF1DBF /* Q1010.swift */; };
		A5DE11A02782BB0600CF1DBF /* Q2751.swift in Sources */ = {isa = PBXBuildFile; fileRef = A5DE119F2782BB0600CF1DBF /* Q2751.swift */; };
		A5DE11A22782F48500CF1DBF /* Q9012.swift in Sources */ = {isa = PBXBuildFile; fileRef = A5DE11A12782F48500CF1DBF /* Q9012.swift */; };
		A5DE11A4278307EB00CF1DBF /* Q9086.swift in Sources */ = {isa = PBXBuildFile; fileRef = A5DE11A3278307EB00CF1DBF /* Q9086.swift */; };
		A5F8AA332779ECA100A6DDC0 /* Q10797.swift in Sources */ = {isa = PBXBuildFile; fileRef = A5F8AA322779ECA100A6DDC0 /* Q10797.swift */; };
		A5F8AA352779EDFE00A6DDC0 /* TestCode.swift in Sources */ = {isa = PBXBuildFile; fileRef = A5F8AA342779EDFE00A6DDC0 /* TestCode.swift */; };
		A5F8AA372779F0A300A6DDC0 /* InputCodes.swift in Sources */ = {isa = PBXBuildFile; fileRef = A5F8AA362779F0A300A6DDC0 /* InputCodes.swift */; };
		A5F8AA3A2779F16700A6DDC0 /* Q11021.swift in Sources */ = {isa = PBXBuildFile; fileRef = A5F8AA392779F16700A6DDC0 /* Q11021.swift */; };
/* End PBXBuildFile section */

/* Begin PBXCopyFilesBuildPhase section */
		A50C78172775B5D800BD4F8F /* CopyFiles */ = {
			isa = PBXCopyFilesBuildPhase;
			buildActionMask = 2147483647;
			dstPath = /usr/share/man/man1/;
			dstSubfolderSpec = 0;
			files = (
			);
			runOnlyForDeploymentPostprocessing = 1;
		};
/* End PBXCopyFilesBuildPhase section */

/* Begin PBXFileReference section */
		A50C72792783ED4800DE6C3C /* Q2739.swift */ = {isa = PBXFileReference; lastKnownFileType = sourcecode.swift; path = Q2739.swift; sourceTree = "<group>"; };
		A50C727B2784356600DE6C3C /* Q10953.swift */ = {isa = PBXFileReference; lastKnownFileType = sourcecode.swift; path = Q10953.swift; sourceTree = "<group>"; };
		A50C727D278439CD00DE6C3C /* Q2743.swift */ = {isa = PBXFileReference; lastKnownFileType = sourcecode.swift; path = Q2743.swift; sourceTree = "<group>"; };
		A50C727F27843B2000DE6C3C /* Q1100.swift */ = {isa = PBXFileReference; lastKnownFileType = sourcecode.swift; path = Q1100.swift; sourceTree = "<group>"; };
		A50C72812784748E00DE6C3C /* Q1076.swift */ = {isa = PBXFileReference; lastKnownFileType = sourcecode.swift; path = Q1076.swift; sourceTree = "<group>"; };
		A50C728327851B7300DE6C3C /* Q2721.swift */ = {isa = PBXFileReference; lastKnownFileType = sourcecode.swift; path = Q2721.swift; sourceTree = "<group>"; };
		A50C78192775B5D800BD4F8F /* BackJoonQGroup */ = {isa = PBXFileReference; explicitFileType = "compiled.mach-o.executable"; includeInIndex = 0; path = BackJoonQGroup; sourceTree = BUILT_PRODUCTS_DIR; };
		A50C781C2775B5D800BD4F8F /* main.swift */ = {isa = PBXFileReference; lastKnownFileType = sourcecode.swift; path = main.swift; sourceTree = "<group>"; };
		A50C78232775B5E700BD4F8F /* Q2845_yet.swift */ = {isa = PBXFileReference; lastKnownFileType = sourcecode.swift; path = Q2845_yet.swift; sourceTree = "<group>"; };
		A50C78272775DA0E00BD4F8F /* Q11382.swift */ = {isa = PBXFileReference; lastKnownFileType = sourcecode.swift; path = Q11382.swift; sourceTree = "<group>"; };
		A514A86F277EFB670001F68E /* Q10926.swift */ = {isa = PBXFileReference; lastKnownFileType = sourcecode.swift; path = Q10926.swift; sourceTree = "<group>"; };
		A514A871277EFFDD0001F68E /* Q4134_runTimeError.swift */ = {isa = PBXFileReference; lastKnownFileType = sourcecode.swift; path = Q4134_runTimeError.swift; sourceTree = "<group>"; };
		A514A873277F0FAC0001F68E /* Q4134_backup.swift */ = {isa = PBXFileReference; lastKnownFileType = sourcecode.swift; path = Q4134_backup.swift; sourceTree = "<group>"; };
		A52045792776373600CD6A29 /* Q10039.swift */ = {isa = PBXFileReference; lastKnownFileType = sourcecode.swift; path = Q10039.swift; sourceTree = "<group>"; };
		A520457B27763F9B00CD6A29 /* recorde.txt */ = {isa = PBXFileReference; lastKnownFileType = text; path = recorde.txt; sourceTree = "<group>"; };
		A523DA79278668B3001B3EBE /* Q2446.swift */ = {isa = PBXFileReference; lastKnownFileType = sourcecode.swift; path = Q2446.swift; sourceTree = "<group>"; };
		A523DA7B2787B260001B3EBE /* Q15894_memoryOver.swift */ = {isa = PBXFileReference; lastKnownFileType = sourcecode.swift; path = Q15894_memoryOver.swift; sourceTree = "<group>"; };
		A523DA7D2787B49D001B3EBE /* Q15894_1.swift */ = {isa = PBXFileReference; lastKnownFileType = sourcecode.swift; path = Q15894_1.swift; sourceTree = "<group>"; };
		A52D41FB278A70DF00E852D6 /* Q2292.swift */ = {isa = PBXFileReference; lastKnownFileType = sourcecode.swift; path = Q2292.swift; sourceTree = "<group>"; };
		A52D41FD278A850500E852D6 /* Q11728_timeOver_quickSort.swift */ = {isa = PBXFileReference; lastKnownFileType = sourcecode.swift; path = Q11728_timeOver_quickSort.swift; sourceTree = "<group>"; };
		A52D41FF278A8F8100E852D6 /* Q2959.swift */ = {isa = PBXFileReference; lastKnownFileType = sourcecode.swift; path = Q2959.swift; sourceTree = "<group>"; };
		A52D4201278ADFBF00E852D6 /* FastInput.swift */ = {isa = PBXFileReference; lastKnownFileType = sourcecode.swift; path = FastInput.swift; sourceTree = "<group>"; };
		A52D4203278AE4E600E852D6 /* Q1292_runTime_javaPass.swift */ = {isa = PBXFileReference; lastKnownFileType = sourcecode.swift; path = Q1292_runTime_javaPass.swift; sourceTree = "<group>"; };
		A53FFA12278B1BD3007F687B /* Q1269.swift */ = {isa = PBXFileReference; lastKnownFileType = sourcecode.swift; path = Q1269.swift; sourceTree = "<group>"; };
		A53FFA14278B21B5007F687B /* Q1822_timdOver_quickSort.swift */ = {isa = PBXFileReference; lastKnownFileType = sourcecode.swift; path = Q1822_timdOver_quickSort.swift; sourceTree = "<group>"; };
		A53FFA16278BF273007F687B /* Q10989.swift */ = {isa = PBXFileReference; lastKnownFileType = sourcecode.swift; path = Q10989.swift; sourceTree = "<group>"; };
		A53FFA18278BF830007F687B /* QuickSort.swift */ = {isa = PBXFileReference; lastKnownFileType = sourcecode.swift; path = QuickSort.swift; sourceTree = "<group>"; };
		A553DD762780905D00079A30 /* Q1157.swift */ = {isa = PBXFileReference; lastKnownFileType = sourcecode.swift; path = Q1157.swift; sourceTree = "<group>"; };
		A553DD7827812F8700079A30 /* Q11022.swift */ = {isa = PBXFileReference; lastKnownFileType = sourcecode.swift; path = Q11022.swift; sourceTree = "<group>"; };
		A553DD7A2781465600079A30 /* Q1065.swift */ = {isa = PBXFileReference; lastKnownFileType = sourcecode.swift; path = Q1065.swift; sourceTree = "<group>"; };
		A566BB37277AFA5A00C53F95 /* Q9498.swift */ = {isa = PBXFileReference; lastKnownFileType = sourcecode.swift; path = Q9498.swift; sourceTree = "<group>"; };
		A566BB39277AFF4500C53F95 /* Q8958.swift */ = {isa = PBXFileReference; lastKnownFileType = sourcecode.swift; path = Q8958.swift; sourceTree = "<group>"; };
		A57E3837278D09B200FDBB72 /* Eratosthenes_yet.swift */ = {isa = PBXFileReference; lastKnownFileType = sourcecode.swift; path = Eratosthenes_yet.swift; sourceTree = "<group>"; };
		A5909B5A2785AF92001C9B3C /* Q5532.swift */ = {isa = PBXFileReference; lastKnownFileType = sourcecode.swift; path = Q5532.swift; sourceTree = "<group>"; };
		A5960067278007100056CB74 /* Q2480_yet.swift */ = {isa = PBXFileReference; lastKnownFileType = sourcecode.swift; path = Q2480_yet.swift; sourceTree = "<group>"; };
		A596006927800BCB0056CB74 /* Q11943.swift */ = {isa = PBXFileReference; lastKnownFileType = sourcecode.swift; path = Q11943.swift; sourceTree = "<group>"; };
		A596006B27802FE90056CB74 /* Q4344.swift */ = {isa = PBXFileReference; lastKnownFileType = sourcecode.swift; path = Q4344.swift; sourceTree = "<group>"; };
		A596006D27804D9D0056CB74 /* Q12873.swift */ = {isa = PBXFileReference; lastKnownFileType = sourcecode.swift; path = Q12873.swift; sourceTree = "<group>"; };
		A596006F27807A200056CB74 /* Q11866.swift */ = {isa = PBXFileReference; lastKnownFileType = sourcecode.swift; path = Q11866.swift; sourceTree = "<group>"; };
		A59A83D4278C20F8007D7379 /* Q10828_temp.swift */ = {isa = PBXFileReference; lastKnownFileType = sourcecode.swift; path = Q10828_temp.swift; sourceTree = "<group>"; };
		A59A83D6278C234A007D7379 /* isPrime.swift */ = {isa = PBXFileReference; lastKnownFileType = sourcecode.swift; path = isPrime.swift; sourceTree = "<group>"; };
		A59A83D8278C2A74007D7379 /* Q11653.swift */ = {isa = PBXFileReference; lastKnownFileType = sourcecode.swift; path = Q11653.swift; sourceTree = "<group>"; };
		A5B22B82278924550041DC69 /* Q1929_timeOver.swift */ = {isa = PBXFileReference; lastKnownFileType = sourcecode.swift; path = Q1929_timeOver.swift; sourceTree = "<group>"; };
		A5B22B8427892F5A0041DC69 /* Q1929_runTime98.swift */ = {isa = PBXFileReference; lastKnownFileType = sourcecode.swift; path = Q1929_runTime98.swift; sourceTree = "<group>"; };
		A5B22B862789444D0041DC69 /* Q10817.swift */ = {isa = PBXFileReference; lastKnownFileType = sourcecode.swift; path = Q10817.swift; sourceTree = "<group>"; };
		A5B63F9D2779837900FE773B /* Q2557.swift */ = {isa = PBXFileReference; lastKnownFileType = sourcecode.swift; path = Q2557.swift; sourceTree = "<group>"; };
		A5B63F9F277984C100FE773B /* Q2438.swift */ = {isa = PBXFileReference; lastKnownFileType = sourcecode.swift; path = Q2438.swift; sourceTree = "<group>"; };
		A5DE11922781E1CA00CF1DBF /* Q2440.swift */ = {isa = PBXFileReference; lastKnownFileType = sourcecode.swift; path = Q2440.swift; sourceTree = "<group>"; };
		A5DE11942781E57200CF1DBF /* Q2441.swift */ = {isa = PBXFileReference; lastKnownFileType = sourcecode.swift; path = Q2441.swift; sourceTree = "<group>"; };
		A5DE11962781F8FE00CF1DBF /* Q2442.swift */ = {isa = PBXFileReference; lastKnownFileType = sourcecode.swift; path = Q2442.swift; sourceTree = "<group>"; };
		A5DE1198278276FA00CF1DBF /* Q11050.swift */ = {isa = PBXFileReference; lastKnownFileType = sourcecode.swift; path = Q11050.swift; sourceTree = "<group>"; };
		A5DE119B27828A3D00CF1DBF /* Combination.swift */ = {isa = PBXFileReference; lastKnownFileType = sourcecode.swift; path = Combination.swift; sourceTree = "<group>"; };
		A5DE119D278293EC00CF1DBF /* Q1010.swift */ = {isa = PBXFileReference; lastKnownFileType = sourcecode.swift; path = Q1010.swift; sourceTree = "<group>"; };
		A5DE119F2782BB0600CF1DBF /* Q2751.swift */ = {isa = PBXFileReference; lastKnownFileType = sourcecode.swift; path = Q2751.swift; sourceTree = "<group>"; };
		A5DE11A12782F48500CF1DBF /* Q9012.swift */ = {isa = PBXFileReference; lastKnownFileType = sourcecode.swift; path = Q9012.swift; sourceTree = "<group>"; };
		A5DE11A3278307EB00CF1DBF /* Q9086.swift */ = {isa = PBXFileReference; lastKnownFileType = sourcecode.swift; path = Q9086.swift; sourceTree = "<group>"; };
		A5F8AA322779ECA100A6DDC0 /* Q10797.swift */ = {isa = PBXFileReference; lastKnownFileType = sourcecode.swift; path = Q10797.swift; sourceTree = "<group>"; };
		A5F8AA342779EDFE00A6DDC0 /* TestCode.swift */ = {isa = PBXFileReference; lastKnownFileType = sourcecode.swift; path = TestCode.swift; sourceTree = "<group>"; };
		A5F8AA362779F0A300A6DDC0 /* InputCodes.swift */ = {isa = PBXFileReference; lastKnownFileType = sourcecode.swift; path = InputCodes.swift; sourceTree = "<group>"; };
		A5F8AA392779F16700A6DDC0 /* Q11021.swift */ = {isa = PBXFileReference; lastKnownFileType = sourcecode.swift; path = Q11021.swift; sourceTree = "<group>"; };
/* End PBXFileReference section */

/* Begin PBXFrameworksBuildPhase section */
		A50C78162775B5D800BD4F8F /* Frameworks */ = {
			isa = PBXFrameworksBuildPhase;
			buildActionMask = 2147483647;
			files = (
			);
			runOnlyForDeploymentPostprocessing = 0;
		};
/* End PBXFrameworksBuildPhase section */

/* Begin PBXGroup section */
		A50C78102775B5D800BD4F8F = {
			isa = PBXGroup;
			children = (
				A50C781B2775B5D800BD4F8F /* BackJoonQGroup */,
				A50C781A2775B5D800BD4F8F /* Products */,
			);
			sourceTree = "<group>";
		};
		A50C781A2775B5D800BD4F8F /* Products */ = {
			isa = PBXGroup;
			children = (
				A50C78192775B5D800BD4F8F /* BackJoonQGroup */,
			);
			name = Products;
			sourceTree = "<group>";
		};
		A50C781B2775B5D800BD4F8F /* BackJoonQGroup */ = {
			isa = PBXGroup;
			children = (
				A50C781C2775B5D800BD4F8F /* main.swift */,
				A5DE119D278293EC00CF1DBF /* Q1010.swift */,
				A553DD7A2781465600079A30 /* Q1065.swift */,
				A50C72812784748E00DE6C3C /* Q1076.swift */,
				A50C727F27843B2000DE6C3C /* Q1100.swift */,
				A553DD762780905D00079A30 /* Q1157.swift */,
				A53FFA12278B1BD3007F687B /* Q1269.swift */,
				A52D4203278AE4E600E852D6 /* Q1292_runTime_javaPass.swift */,
				A53FFA14278B21B5007F687B /* Q1822_timdOver_quickSort.swift */,
				A5B22B8427892F5A0041DC69 /* Q1929_runTime98.swift */,
				A5B22B82278924550041DC69 /* Q1929_timeOver.swift */,
				A52D41FB278A70DF00E852D6 /* Q2292.swift */,
				A5B63F9F277984C100FE773B /* Q2438.swift */,
				A5DE11922781E1CA00CF1DBF /* Q2440.swift */,
				A5DE11942781E57200CF1DBF /* Q2441.swift */,
				A5DE11962781F8FE00CF1DBF /* Q2442.swift */,
				A523DA79278668B3001B3EBE /* Q2446.swift */,
				A5960067278007100056CB74 /* Q2480_yet.swift */,
				A5B63F9D2779837900FE773B /* Q2557.swift */,
				A50C728327851B7300DE6C3C /* Q2721.swift */,
				A50C72792783ED4800DE6C3C /* Q2739.swift */,
				A50C727D278439CD00DE6C3C /* Q2743.swift */,
				A5DE119F2782BB0600CF1DBF /* Q2751.swift */,
				A50C78232775B5E700BD4F8F /* Q2845_yet.swift */,
				A52D41FF278A8F8100E852D6 /* Q2959.swift */,
				A514A873277F0FAC0001F68E /* Q4134_backup.swift */,
				A514A871277EFFDD0001F68E /* Q4134_runTimeError.swift */,
				A596006B27802FE90056CB74 /* Q4344.swift */,
				A5909B5A2785AF92001C9B3C /* Q5532.swift */,
				A566BB39277AFF4500C53F95 /* Q8958.swift */,
				A5DE11A12782F48500CF1DBF /* Q9012.swift */,
				A5DE11A3278307EB00CF1DBF /* Q9086.swift */,
				A566BB37277AFA5A00C53F95 /* Q9498.swift */,
				A52045792776373600CD6A29 /* Q10039.swift */,
				A5F8AA322779ECA100A6DDC0 /* Q10797.swift */,
				A5B22B862789444D0041DC69 /* Q10817.swift */,
				A59A83D4278C20F8007D7379 /* Q10828_temp.swift */,
				A514A86F277EFB670001F68E /* Q10926.swift */,
				A50C727B2784356600DE6C3C /* Q10953.swift */,
				A53FFA16278BF273007F687B /* Q10989.swift */,
				A5F8AA392779F16700A6DDC0 /* Q11021.swift */,
				A553DD7827812F8700079A30 /* Q11022.swift */,
				A5DE1198278276FA00CF1DBF /* Q11050.swift */,
				A50C78272775DA0E00BD4F8F /* Q11382.swift */,
				A59A83D8278C2A74007D7379 /* Q11653.swift */,
				A52D41FD278A850500E852D6 /* Q11728_timeOver_quickSort.swift */,
				A596006F27807A200056CB74 /* Q11866.swift */,
				A596006927800BCB0056CB74 /* Q11943.swift */,
				A596006D27804D9D0056CB74 /* Q12873.swift */,
				A523DA7D2787B49D001B3EBE /* Q15894_1.swift */,
				A523DA7B2787B260001B3EBE /* Q15894_memoryOver.swift */,
				A520457B27763F9B00CD6A29 /* recorde.txt */,
				A5DE119A278289EF00CF1DBF /* MyTool */,
				A5F8AA382779F12700A6DDC0 /* ThisIsNotQuestion */,
			);
			path = BackJoonQGroup;
			sourceTree = "<group>";
		};
		A5DE119A278289EF00CF1DBF /* MyTool */ = {
			isa = PBXGroup;
			children = (
				A5DE119B27828A3D00CF1DBF /* Combination.swift */,
				A53FFA18278BF830007F687B /* QuickSort.swift */,
				A59A83D6278C234A007D7379 /* isPrime.swift */,
				A57E3837278D09B200FDBB72 /* Eratosthenes_yet.swift */,
			);
			path = MyTool;
			sourceTree = "<group>";
		};
		A5F8AA382779F12700A6DDC0 /* ThisIsNotQuestion */ = {
			isa = PBXGroup;
			children = (
				A5F8AA362779F0A300A6DDC0 /* InputCodes.swift */,
				A5F8AA342779EDFE00A6DDC0 /* TestCode.swift */,
				A52D4201278ADFBF00E852D6 /* FastInput.swift */,
			);
			path = ThisIsNotQuestion;
			sourceTree = "<group>";
		};
/* End PBXGroup section */

/* Begin PBXNativeTarget section */
		A50C78182775B5D800BD4F8F /* BackJoonQGroup */ = {
			isa = PBXNativeTarget;
			buildConfigurationList = A50C78202775B5D800BD4F8F /* Build configuration list for PBXNativeTarget "BackJoonQGroup" */;
			buildPhases = (
				A50C78152775B5D800BD4F8F /* Sources */,
				A50C78162775B5D800BD4F8F /* Frameworks */,
				A50C78172775B5D800BD4F8F /* CopyFiles */,
			);
			buildRules = (
			);
			dependencies = (
			);
			name = BackJoonQGroup;
			productName = BackJoonQGroup;
			productReference = A50C78192775B5D800BD4F8F /* BackJoonQGroup */;
			productType = "com.apple.product-type.tool";
		};
/* End PBXNativeTarget section */

/* Begin PBXProject section */
		A50C78112775B5D800BD4F8F /* Project object */ = {
			isa = PBXProject;
			attributes = {
				BuildIndependentTargetsInParallel = 1;
				LastSwiftUpdateCheck = 1320;
				LastUpgradeCheck = 1320;
				TargetAttributes = {
					A50C78182775B5D800BD4F8F = {
						CreatedOnToolsVersion = 13.2.1;
					};
				};
			};
			buildConfigurationList = A50C78142775B5D800BD4F8F /* Build configuration list for PBXProject "BackJoonQGroup" */;
			compatibilityVersion = "Xcode 13.0";
			developmentRegion = en;
			hasScannedForEncodings = 0;
			knownRegions = (
				en,
				Base,
			);
			mainGroup = A50C78102775B5D800BD4F8F;
			productRefGroup = A50C781A2775B5D800BD4F8F /* Products */;
			projectDirPath = "";
			projectRoot = "";
			targets = (
				A50C78182775B5D800BD4F8F /* BackJoonQGroup */,
			);
		};
/* End PBXProject section */

/* Begin PBXSourcesBuildPhase section */
		A50C78152775B5D800BD4F8F /* Sources */ = {
			isa = PBXSourcesBuildPhase;
			buildActionMask = 2147483647;
			files = (
				A52D4200278A8F8100E852D6 /* Q2959.swift in Sources */,
				A53FFA17278BF273007F687B /* Q10989.swift in Sources */,
				A53FFA13278B1BD3007F687B /* Q1269.swift in Sources */,
				A566BB38277AFA5A00C53F95 /* Q9498.swift in Sources */,
				A50C727E278439CD00DE6C3C /* Q2743.swift in Sources */,
				A5DE11A22782F48500CF1DBF /* Q9012.swift in Sources */,
				A5B63F9E2779837900FE773B /* Q2557.swift in Sources */,
				A5B22B8527892F5A0041DC69 /* Q1929_runTime98.swift in Sources */,
				A596007027807A200056CB74 /* Q11866.swift in Sources */,
				A50C728027843B2000DE6C3C /* Q1100.swift in Sources */,
				A5F8AA3A2779F16700A6DDC0 /* Q11021.swift in Sources */,
				A523DA7A278668B3001B3EBE /* Q2446.swift in Sources */,
				A57E3838278D09B200FDBB72 /* Eratosthenes_yet.swift in Sources */,
				A50C727A2783ED4800DE6C3C /* Q2739.swift in Sources */,
				A53FFA19278BF830007F687B /* QuickSort.swift in Sources */,
				A553DD7927812F8700079A30 /* Q11022.swift in Sources */,
				A553DD772780905D00079A30 /* Q1157.swift in Sources */,
				A52D4202278ADFBF00E852D6 /* FastInput.swift in Sources */,
				A50C727C2784356600DE6C3C /* Q10953.swift in Sources */,
				A596006A27800BCB0056CB74 /* Q11943.swift in Sources */,
				A5B22B872789444D0041DC69 /* Q10817.swift in Sources */,
				A5DE11952781E57200CF1DBF /* Q2441.swift in Sources */,
				A5DE11A02782BB0600CF1DBF /* Q2751.swift in Sources */,
				A50C78282775DA0E00BD4F8F /* Q11382.swift in Sources */,
				A59A83D5278C20F8007D7379 /* Q10828_temp.swift in Sources */,
				A514A874277F0FAC0001F68E /* Q4134_backup.swift in Sources */,
				A59A83D7278C234A007D7379 /* isPrime.swift in Sources */,
				A5960068278007100056CB74 /* Q2480_yet.swift in Sources */,
				A5DE11972781F8FE00CF1DBF /* Q2442.swift in Sources */,
				A5DE11A4278307EB00CF1DBF /* Q9086.swift in Sources */,
				A5F8AA372779F0A300A6DDC0 /* InputCodes.swift in Sources */,
				A514A870277EFB670001F68E /* Q10926.swift in Sources */,
				A5F8AA332779ECA100A6DDC0 /* Q10797.swift in Sources */,
				A596006C27802FE90056CB74 /* Q4344.swift in Sources */,
				A5B63FA0277984C100FE773B /* Q2438.swift in Sources */,
				A5F8AA352779EDFE00A6DDC0 /* TestCode.swift in Sources */,
				A514A872277EFFDD0001F68E /* Q4134_runTimeError.swift in Sources */,
				A5DE11932781E1CA00CF1DBF /* Q2440.swift in Sources */,
				A520457A2776373600CD6A29 /* Q10039.swift in Sources */,
				A553DD7B2781465600079A30 /* Q1065.swift in Sources */,
				A50C728427851B7300DE6C3C /* Q2721.swift in Sources */,
				A59A83D9278C2A74007D7379 /* Q11653.swift in Sources */,
				A53FFA15278B21B5007F687B /* Q1822_timdOver_quickSort.swift in Sources */,
				A596006E27804D9D0056CB74 /* Q12873.swift in Sources */,
				A5909B5B2785AF92001C9B3C /* Q5532.swift in Sources */,
				A52D41FE278A850500E852D6 /* Q11728_timeOver_quickSort.swift in Sources */,
				A566BB3A277AFF4500C53F95 /* Q8958.swift in Sources */,
				A52D4204278AE4E600E852D6 /* Q1292_runTime_javaPass.swift in Sources */,
				A50C78242775B5E700BD4F8F /* Q2845_yet.swift in Sources */,
				A5DE1199278276FA00CF1DBF /* Q11050.swift in Sources */,
				A50C72822784748E00DE6C3C /* Q1076.swift in Sources */,
				A523DA7E2787B49D001B3EBE /* Q15894_1.swift in Sources */,
				A5DE119E278293EC00CF1DBF /* Q1010.swift in Sources */,
				A523DA7C2787B260001B3EBE /* Q15894_memoryOver.swift in Sources */,
				A52D41FC278A70DF00E852D6 /* Q2292.swift in Sources */,
				A5B22B83278924550041DC69 /* Q1929_timeOver.swift in Sources */,
				A50C781D2775B5D800BD4F8F /* main.swift in Sources */,
				A5DE119C27828A3D00CF1DBF /* Combination.swift in Sources */,
			);
			runOnlyForDeploymentPostprocessing = 0;
		};
/* End PBXSourcesBuildPhase section */

/* Begin XCBuildConfiguration section */
		A50C781E2775B5D800BD4F8F /* Debug */ = {
			isa = XCBuildConfiguration;
			buildSettings = {
				ALWAYS_SEARCH_USER_PATHS = NO;
				CLANG_ANALYZER_NONNULL = YES;
				CLANG_ANALYZER_NUMBER_OBJECT_CONVERSION = YES_AGGRESSIVE;
				CLANG_CXX_LANGUAGE_STANDARD = "gnu++17";
				CLANG_CXX_LIBRARY = "libc++";
				CLANG_ENABLE_MODULES = YES;
				CLANG_ENABLE_OBJC_ARC = YES;
				CLANG_ENABLE_OBJC_WEAK = YES;
				CLANG_WARN_BLOCK_CAPTURE_AUTORELEASING = YES;
				CLANG_WARN_BOOL_CONVERSION = YES;
				CLANG_WARN_COMMA = YES;
				CLANG_WARN_CONSTANT_CONVERSION = YES;
				CLANG_WARN_DEPRECATED_OBJC_IMPLEMENTATIONS = YES;
				CLANG_WARN_DIRECT_OBJC_ISA_USAGE = YES_ERROR;
				CLANG_WARN_DOCUMENTATION_COMMENTS = YES;
				CLANG_WARN_EMPTY_BODY = YES;
				CLANG_WARN_ENUM_CONVERSION = YES;
				CLANG_WARN_INFINITE_RECURSION = YES;
				CLANG_WARN_INT_CONVERSION = YES;
				CLANG_WARN_NON_LITERAL_NULL_CONVERSION = YES;
				CLANG_WARN_OBJC_IMPLICIT_RETAIN_SELF = YES;
				CLANG_WARN_OBJC_LITERAL_CONVERSION = YES;
				CLANG_WARN_OBJC_ROOT_CLASS = YES_ERROR;
				CLANG_WARN_QUOTED_INCLUDE_IN_FRAMEWORK_HEADER = YES;
				CLANG_WARN_RANGE_LOOP_ANALYSIS = YES;
				CLANG_WARN_STRICT_PROTOTYPES = YES;
				CLANG_WARN_SUSPICIOUS_MOVE = YES;
				CLANG_WARN_UNGUARDED_AVAILABILITY = YES_AGGRESSIVE;
				CLANG_WARN_UNREACHABLE_CODE = YES;
				CLANG_WARN__DUPLICATE_METHOD_MATCH = YES;
				COPY_PHASE_STRIP = NO;
				DEBUG_INFORMATION_FORMAT = dwarf;
				ENABLE_STRICT_OBJC_MSGSEND = YES;
				ENABLE_TESTABILITY = YES;
				GCC_C_LANGUAGE_STANDARD = gnu11;
				GCC_DYNAMIC_NO_PIC = NO;
				GCC_NO_COMMON_BLOCKS = YES;
				GCC_OPTIMIZATION_LEVEL = 0;
				GCC_PREPROCESSOR_DEFINITIONS = (
					"DEBUG=1",
					"$(inherited)",
				);
				GCC_WARN_64_TO_32_BIT_CONVERSION = YES;
				GCC_WARN_ABOUT_RETURN_TYPE = YES_ERROR;
				GCC_WARN_UNDECLARED_SELECTOR = YES;
				GCC_WARN_UNINITIALIZED_AUTOS = YES_AGGRESSIVE;
				GCC_WARN_UNUSED_FUNCTION = YES;
				GCC_WARN_UNUSED_VARIABLE = YES;
				MACOSX_DEPLOYMENT_TARGET = 12.1;
				MTL_ENABLE_DEBUG_INFO = INCLUDE_SOURCE;
				MTL_FAST_MATH = YES;
				ONLY_ACTIVE_ARCH = YES;
				SDKROOT = macosx;
				SWIFT_ACTIVE_COMPILATION_CONDITIONS = DEBUG;
				SWIFT_OPTIMIZATION_LEVEL = "-Onone";
			};
			name = Debug;
		};
		A50C781F2775B5D800BD4F8F /* Release */ = {
			isa = XCBuildConfiguration;
			buildSettings = {
				ALWAYS_SEARCH_USER_PATHS = NO;
				CLANG_ANALYZER_NONNULL = YES;
				CLANG_ANALYZER_NUMBER_OBJECT_CONVERSION = YES_AGGRESSIVE;
				CLANG_CXX_LANGUAGE_STANDARD = "gnu++17";
				CLANG_CXX_LIBRARY = "libc++";
				CLANG_ENABLE_MODULES = YES;
				CLANG_ENABLE_OBJC_ARC = YES;
				CLANG_ENABLE_OBJC_WEAK = YES;
				CLANG_WARN_BLOCK_CAPTURE_AUTORELEASING = YES;
				CLANG_WARN_BOOL_CONVERSION = YES;
				CLANG_WARN_COMMA = YES;
				CLANG_WARN_CONSTANT_CONVERSION = YES;
				CLANG_WARN_DEPRECATED_OBJC_IMPLEMENTATIONS = YES;
				CLANG_WARN_DIRECT_OBJC_ISA_USAGE = YES_ERROR;
				CLANG_WARN_DOCUMENTATION_COMMENTS = YES;
				CLANG_WARN_EMPTY_BODY = YES;
				CLANG_WARN_ENUM_CONVERSION = YES;
				CLANG_WARN_INFINITE_RECURSION = YES;
				CLANG_WARN_INT_CONVERSION = YES;
				CLANG_WARN_NON_LITERAL_NULL_CONVERSION = YES;
				CLANG_WARN_OBJC_IMPLICIT_RETAIN_SELF = YES;
				CLANG_WARN_OBJC_LITERAL_CONVERSION = YES;
				CLANG_WARN_OBJC_ROOT_CLASS = YES_ERROR;
				CLANG_WARN_QUOTED_INCLUDE_IN_FRAMEWORK_HEADER = YES;
				CLANG_WARN_RANGE_LOOP_ANALYSIS = YES;
				CLANG_WARN_STRICT_PROTOTYPES = YES;
				CLANG_WARN_SUSPICIOUS_MOVE = YES;
				CLANG_WARN_UNGUARDED_AVAILABILITY = YES_AGGRESSIVE;
				CLANG_WARN_UNREACHABLE_CODE = YES;
				CLANG_WARN__DUPLICATE_METHOD_MATCH = YES;
				COPY_PHASE_STRIP = NO;
				DEBUG_INFORMATION_FORMAT = "dwarf-with-dsym";
				ENABLE_NS_ASSERTIONS = NO;
				ENABLE_STRICT_OBJC_MSGSEND = YES;
				GCC_C_LANGUAGE_STANDARD = gnu11;
				GCC_NO_COMMON_BLOCKS = YES;
				GCC_WARN_64_TO_32_BIT_CONVERSION = YES;
				GCC_WARN_ABOUT_RETURN_TYPE = YES_ERROR;
				GCC_WARN_UNDECLARED_SELECTOR = YES;
				GCC_WARN_UNINITIALIZED_AUTOS = YES_AGGRESSIVE;
				GCC_WARN_UNUSED_FUNCTION = YES;
				GCC_WARN_UNUSED_VARIABLE = YES;
				MACOSX_DEPLOYMENT_TARGET = 12.1;
				MTL_ENABLE_DEBUG_INFO = NO;
				MTL_FAST_MATH = YES;
				SDKROOT = macosx;
				SWIFT_COMPILATION_MODE = wholemodule;
				SWIFT_OPTIMIZATION_LEVEL = "-O";
			};
			name = Release;
		};
		A50C78212775B5D800BD4F8F /* Debug */ = {
			isa = XCBuildConfiguration;
			buildSettings = {
				CODE_SIGN_STYLE = Automatic;
				PRODUCT_NAME = "$(TARGET_NAME)";
				SWIFT_VERSION = 5.0;
			};
			name = Debug;
		};
		A50C78222775B5D800BD4F8F /* Release */ = {
			isa = XCBuildConfiguration;
			buildSettings = {
				CODE_SIGN_STYLE = Automatic;
				PRODUCT_NAME = "$(TARGET_NAME)";
				SWIFT_VERSION = 5.0;
			};
			name = Release;
		};
/* End XCBuildConfiguration section */

/* Begin XCConfigurationList section */
		A50C78142775B5D800BD4F8F /* Build configuration list for PBXProject "BackJoonQGroup" */ = {
			isa = XCConfigurationList;
			buildConfigurations = (
				A50C781E2775B5D800BD4F8F /* Debug */,
				A50C781F2775B5D800BD4F8F /* Release */,
			);
			defaultConfigurationIsVisible = 0;
			defaultConfigurationName = Release;
		};
		A50C78202775B5D800BD4F8F /* Build configuration list for PBXNativeTarget "BackJoonQGroup" */ = {
			isa = XCConfigurationList;
			buildConfigurations = (
				A50C78212775B5D800BD4F8F /* Debug */,
				A50C78222775B5D800BD4F8F /* Release */,
			);
			defaultConfigurationIsVisible = 0;
			defaultConfigurationName = Release;
		};
/* End XCConfigurationList section */
	};
	rootObject = A50C78112775B5D800BD4F8F /* Project object */;
}
